
Microsoft Visual Studio Solution File, Format Version 12.00
# Visual Studio Version 16
VisualStudioVersion = 16.0.31410.357
MinimumVisualStudioVersion = 10.0.40219.1
Project("{FAE04EC0-301F-11D3-BF4B-00C04F79EFBC}") = "ArbolNodosTarea", "ArbolNodosTarea\ArbolNodosTarea.csproj", "{FD503F60-96DF-4F4F-BE4D-DD32528C8237}"
EndProject
Global
	GlobalSection(SolutionConfigurationPlatforms) = preSolution
		Debug|Any CPU = Debug|Any CPU
		Release|Any CPU = Release|Any CPU
	EndGlobalSection
	GlobalSection(ProjectConfigurationPlatforms) = postSolution
		{FD503F60-96DF-4F4F-BE4D-DD32528C8237}.Debug|Any CPU.ActiveCfg = Debug|Any CPU
		{FD503F60-96DF-4F4F-BE4D-DD32528C8237}.Debug|Any CPU.Build.0 = Debug|Any CPU
		{FD503F60-96DF-4F4F-BE4D-DD32528C8237}.Release|Any CPU.ActiveCfg = Release|Any CPU
		{FD503F60-96DF-4F4F-BE4D-DD32528C8237}.Release|Any CPU.Build.0 = Release|Any CPU
	EndGlobalSection
	GlobalSection(SolutionProperties) = preSolution
		HideSolutionNode = FALSE
	EndGlobalSection
	GlobalSection(ExtensibilityGlobals) = postSolution
		SolutionGuid = {2C4622B3-9EAA-41DD-AC2D-AE849E4389B6}
	EndGlobalSection
EndGlobal
